
Microsoft Visual Studio Solution File, Format Version 12.00
# Visual Studio Version 16
VisualStudioVersion = 16.0.30907.101
MinimumVisualStudioVersion = 10.0.40219.1
Project("{FAE04EC0-301F-11D3-BF4B-00C04F79EFBC}") = "project", "project\project.csproj", "{18D2E4C1-695C-4738-8695-8B33B78ED250}"
EndProject
Global
	GlobalSection(SolutionConfigurationPlatforms) = preSolution
		Debug|Any CPU = Debug|Any CPU
		Release|Any CPU = Release|Any CPU
	EndGlobalSection
	GlobalSection(ProjectConfigurationPlatforms) = postSolution
		{18D2E4C1-695C-4738-8695-8B33B78ED250}.Debug|Any CPU.ActiveCfg = Debug|Any CPU
		{18D2E4C1-695C-4738-8695-8B33B78ED250}.Debug|Any CPU.Build.0 = Debug|Any CPU
		{18D2E4C1-695C-4738-8695-8B33B78ED250}.Release|Any CPU.ActiveCfg = Release|Any CPU
		{18D2E4C1-695C-4738-8695-8B33B78ED250}.Release|Any CPU.Build.0 = Release|Any CPU
	EndGlobalSection
	GlobalSection(SolutionProperties) = preSolution
		HideSolutionNode = FALSE
	EndGlobalSection
	GlobalSection(ExtensibilityGlobals) = postSolution
		SolutionGuid = {D5714F8C-3BD4-43AC-9675-C5347E68C75F}
	EndGlobalSection
EndGlobal
